
Microsoft Visual Studio Solution File, Format Version 12.00
# Visual Studio Version 17
VisualStudioVersion = 17.9.34902.65
MinimumVisualStudioVersion = 10.0.40219.1
Project("{FAE04EC0-301F-11D3-BF4B-00C04F79EFBC}") = "Curdoperation_Problem!", "Curdoperation_Problem!.csproj", "{5AE196F8-7406-4342-B78B-F6F736CE1021}"
EndProject
Global
	GlobalSection(SolutionConfigurationPlatforms) = preSolution
		Debug|Any CPU = Debug|Any CPU
		Release|Any CPU = Release|Any CPU
	EndGlobalSection
	GlobalSection(ProjectConfigurationPlatforms) = postSolution
		{5AE196F8-7406-4342-B78B-F6F736CE1021}.Debug|Any CPU.ActiveCfg = Debug|Any CPU
		{5AE196F8-7406-4342-B78B-F6F736CE1021}.Debug|Any CPU.Build.0 = Debug|Any CPU
		{5AE196F8-7406-4342-B78B-F6F736CE1021}.Release|Any CPU.ActiveCfg = Release|Any CPU
		{5AE196F8-7406-4342-B78B-F6F736CE1021}.Release|Any CPU.Build.0 = Release|Any CPU
	EndGlobalSection
	GlobalSection(SolutionProperties) = preSolution
		HideSolutionNode = FALSE
	EndGlobalSection
	GlobalSection(ExtensibilityGlobals) = postSolution
		SolutionGuid = {3B56089C-5BC6-48A6-B254-C25CFFC6774C}
	EndGlobalSection
EndGlobal
